Microsoft Visual Studio Solution File, Format Version 11.00
# Visual Studio 2008

Project("{CD0387AA-2B50-BB29-1D82-99A2833B2650}") = "uGUIProject", "Assembly-CSharp.csproj", "{BAA12A76-9DF3-D8E9-845F-2D5475C4A821}"
EndProject
Project("{CD0387AA-2B50-BB29-1D82-99A2833B2650}") = "uGUIProject", "Assembly-CSharp-Editor.csproj", "{0CEDFCFE-4CD5-4ADE-BBBE-86B60D663174}"
EndProject
Global
	GlobalSection(SolutionConfigurationPlatforms) = preSolution
		Debug|Any CPU = Debug|Any CPU
		Release|Any CPU = Release|Any CPU
	EndGlobalSection
	GlobalSection(ProjectConfigurationPlatforms) = postSolution
		{BAA12A76-9DF3-D8E9-845F-2D5475C4A821}.Debug|Any CPU.ActiveCfg = Debug|Any CPU
		{BAA12A76-9DF3-D8E9-845F-2D5475C4A821}.Debug|Any CPU.Build.0 = Debug|Any CPU
		{BAA12A76-9DF3-D8E9-845F-2D5475C4A821}.Release|Any CPU.ActiveCfg = Release|Any CPU
		{BAA12A76-9DF3-D8E9-845F-2D5475C4A821}.Release|Any CPU.Build.0 = Release|Any CPU
		{0CEDFCFE-4CD5-4ADE-BBBE-86B60D663174}.Debug|Any CPU.ActiveCfg = Debug|Any CPU
		{0CEDFCFE-4CD5-4ADE-BBBE-86B60D663174}.Debug|Any CPU.Build.0 = Debug|Any CPU
		{0CEDFCFE-4CD5-4ADE-BBBE-86B60D663174}.Release|Any CPU.ActiveCfg = Release|Any CPU
		{0CEDFCFE-4CD5-4ADE-BBBE-86B60D663174}.Release|Any CPU.Build.0 = Release|Any CPU
	EndGlobalSection
	GlobalSection(SolutionProperties) = preSolution
		HideSolutionNode = FALSE
	EndGlobalSection
								GlobalSection(MonoDevelopProperties) = preSolution
		StartupItem = Assembly-CSharp.csproj
		Policies = $0
		$0.TextStylePolicy = $1
		$1.inheritsSet = null
		$1.scope = text/x-csharp
		$0.CSharpFormattingPolicy = $2
		$2.inheritsSet = Mono
		$2.inheritsScope = text/x-csharp
		$2.scope = text/x-csharp
		$0.TextStylePolicy = $3
		$3.FileWidth = 120
		$3.TabWidth = 4
		$3.IndentWidth = 4
		$3.EolMarker = Unix
		$3.inheritsSet = Mono
		$3.inheritsScope = text/plain
		$3.scope = text/plain
	EndGlobalSection

EndGlobal
